// !$*UTF8*$!
{
	archiveVersion = 1;
	classes = {
	};
	objectVersion = 77;
	objects = {

/* Begin PBXFileReference section */
		D4000000000000000000A020 /* dashbrrd.app */ = {isa = PBXFileReference; explicitFileType = wrapper.application; includeInIndex = 0; path = dashbrrd.app; sourceTree = BUILT_PRODUCTS_DIR; };
		D4000000000000000000A021 /* dashbrrdTests.xctest */ = {isa = PBXFileReference; explicitFileType = wrapper.cfbundle; includeInIndex = 0; path = dashbrrdTests.xctest; sourceTree = BUILT_PRODUCTS_DIR; };
/* End PBXFileReference section */

/* Begin PBXFileSystemSynchronizedRootGroup section */
		D4000000000000000000A010 /* dashbrrd */ = {isa = PBXFileSystemSynchronizedRootGroup; explicitFileTypes = {}; explicitFolders = (); path = dashbrrd; sourceTree = "<group>"; };
		D4000000000000000000A011 /* dashbrrdTests */ = {isa = PBXFileSystemSynchronizedRootGroup; explicitFileTypes = {}; explicitFolders = (); path = dashbrrdTests; sourceTree = "<group>"; };
/* End PBXFileSystemSynchronizedRootGroup section */

/* Begin PBXFrameworksBuildPhase section */
		D4000000000000000000A030 /* Frameworks */ = {
			isa = PBXFrameworksBuildPhase;
			buildActionMask = 2147483647;
			files = (
			);
			runOnlyForDeploymentPostprocessing = 0;
		};
		D4000000000000000000A031 /* Frameworks */ = {
			isa = PBXFrameworksBuildPhase;
			buildActionMask = 2147483647;
			files = (
			);
			runOnlyForDeploymentPostprocessing = 0;
		};
/* End PBXFrameworksBuildPhase section */

/* Begin PBXGroup section */
		D4000000000000000000A001 = {
			isa = PBXGroup;
			children = (
				D4000000000000000000A010 /* dashbrrd */,
				D4000000000000000000A011 /* dashbrrdTests */,
				D4000000000000000000A002 /* Products */,
			);
			sourceTree = "<group>";
		};
		D4000000000000000000A002 /* Products */ = {
			isa = PBXGroup;
			children = (
				D4000000000000000000A020 /* dashbrrd.app */,
				D4000000000000000000A021 /* dashbrrdTests.xctest */,
			);
			name = Products;
			sourceTree = "<group>";
		};
/* End PBXGroup section */

/* Begin PBXNativeTarget section */
		D4000000000000000000A040 /* dashbrrd */ = {
			isa = PBXNativeTarget;
			buildConfigurationList = D4000000000000000000A050 /* Build configuration list for PBXNativeTarget "dashbrrd" */;
			buildPhases = (
				D4000000000000000000A060 /* Sources */,
				D4000000000000000000A030 /* Frameworks */,
				D4000000000000000000A070 /* Resources */,
			);
			buildRules = (
			);
			dependencies = (
			);
			fileSystemSynchronizedGroups = (
				D4000000000000000000A010 /* dashbrrd */,
			);
			name = dashbrrd;
			packageProductDependencies = (
			);
			productName = dashbrrd;
			productReference = D4000000000000000000A020 /* dashbrrd.app */;
			productType = "com.apple.product-type.application";
		};
		D4000000000000000000A041 /* dashbrrdTests */ = {
			isa = PBXNativeTarget;
			buildConfigurationList = D4000000000000000000A051 /* Build configuration list for PBXNativeTarget "dashbrrdTests" */;
			buildPhases = (
				D4000000000000000000A061 /* Sources */,
				D4000000000000000000A031 /* Frameworks */,
				D4000000000000000000A071 /* Resources */,
			);
			buildRules = (
			);
			dependencies = (
				D4000000000000000000A080 /* PBXTargetDependency */,
			);
			fileSystemSynchronizedGroups = (
				D4000000000000000000A011 /* dashbrrdTests */,
			);
			name = dashbrrdTests;
			packageProductDependencies = (
			);
			productName = dashbrrdTests;
			productReference = D4000000000000000000A021 /* dashbrrdTests.xctest */;
			productType = "com.apple.product-type.bundle.unit-test";
		};
/* End PBXNativeTarget section */

/* Begin PBXProject section */
		D4000000000000000000A000 /* Project object */ = {
			isa = PBXProject;
			attributes = {
				BuildIndependentTargetsInParallel = 1;
				LastSwiftUpdateCheck = 1600;
				LastUpgradeCheck = 1600;
				TargetAttributes = {
					D4000000000000000000A040 = {
						CreatedOnToolsVersion = 16.0;
					};
					D4000000000000000000A041 = {
						CreatedOnToolsVersion = 16.0;
						TestTargetID = D4000000000000000000A040;
					};
				};
			};
			buildConfigurationList = D4000000000000000000A052 /* Build configuration list for PBXProject "dashbrrd" */;
			compatibilityVersion = "Xcode 16.0";
			developmentRegion = en;
			hasScannedForEncodings = 0;
			knownRegions = (
				en,
				Base,
			);
			mainGroup = D4000000000000000000A001;
			minimizedProjectReferenceProxies = 1;
			preferredProjectObjectVersion = 77;
			productRefGroup = D4000000000000000000A002 /* Products */;
			projectDirPath = "";
			projectRoot = "";
			targets = (
				D4000000000000000000A040 /* dashbrrd */,
				D4000000000000000000A041 /* dashbrrdTests */,
			);
		};
/* End PBXProject section */

/* Begin PBXResourcesBuildPhase section */
		D4000000000000000000A070 /* Resources */ = {
			isa = PBXResourcesBuildPhase;
			buildActionMask = 2147483647;
			files = (
			);
			runOnlyForDeploymentPostprocessing = 0;
		};
		D4000000000000000000A071 /* Resources */ = {
			isa = PBXResourcesBuildPhase;
			buildActionMask = 2147483647;
			files = (
			);
			runOnlyForDeploymentPostprocessing = 0;
		};
/* End PBXResourcesBuildPhase section */

/* Begin PBXSourcesBuildPhase section */
		D4000000000000000000A060 /* Sources */ = {
			isa = PBXSourcesBuildPhase;
			buildActionMask = 2147483647;
			files = (
			);
			runOnlyForDeploymentPostprocessing = 0;
		};
		D4000000000000000000A061 /* Sources */ = {
			isa = PBXSourcesBuildPhase;
			buildActionMask = 2147483647;
			files = (
			);
			runOnlyForDeploymentPostprocessing = 0;
		};
/* End PBXSourcesBuildPhase section */

/* Begin PBXTargetDependency section */
		D4000000000000000000A080 /* PBXTargetDependency */ = {
			isa = PBXTargetDependency;
			target = D4000000000000000000A040 /* dashbrrd */;
			targetProxy = D4000000000000000000A081 /* PBXContainerItemProxy */;
		};
/* End PBXTargetDependency section */

/* Begin PBXContainerItemProxy section */
		D4000000000000000000A081 /* PBXContainerItemProxy */ = {
			isa = PBXContainerItemProxy;
			containerPortal = D4000000000000000000A000 /* Project object */;
			proxyType = 1;
			remoteGlobalIDString = D4000000000000000000A040;
			remoteInfo = dashbrrd;
		};
/* End PBXContainerItemProxy section */

/* Begin XCBuildConfiguration section */
		D4000000000000000000A090 /* Debug */ = {
			isa = XCBuildConfiguration;
			buildSettings = {
				ALWAYS_SEARCH_USER_PATHS = NO;
				ASSETCATALOG_COMPILER_GENERATE_SWIFT_ASSET_SYMBOL_EXTENSIONS = YES;
				CLANG_ANALYZER_NONNULL = YES;
				CLANG_ENABLE_MODULES = YES;
				CLANG_ENABLE_OBJC_ARC = YES;
				ENABLE_STRICT_OBJC_MSGSEND = YES;
				ENABLE_TESTABILITY = YES;
				ENABLE_USER_SCRIPT_SANDBOXING = YES;
				GCC_C_LANGUAGE_STANDARD = gnu17;
				GCC_NO_COMMON_BLOCKS = YES;
				IPHONEOS_DEPLOYMENT_TARGET = 17.0;
				MTL_ENABLE_DEBUG_INFO = INCLUDE_SOURCE;
				MTL_FAST_MATH = YES;
				ONLY_ACTIVE_ARCH = YES;
				SDKROOT = iphoneos;
				SWIFT_ACTIVE_COMPILATION_CONDITIONS = "DEBUG $(inherited)";
				SWIFT_OPTIMIZATION_LEVEL = "-Onone";
			};
			name = Debug;
		};
		D4000000000000000000A091 /* Release */ = {
			isa = XCBuildConfiguration;
			buildSettings = {
				ALWAYS_SEARCH_USER_PATHS = NO;
				ASSETCATALOG_COMPILER_GENERATE_SWIFT_ASSET_SYMBOL_EXTENSIONS = YES;
				CLANG_ANALYZER_NONNULL = YES;
				CLANG_ENABLE_MODULES = YES;
				CLANG_ENABLE_OBJC_ARC = YES;
				ENABLE_NS_ASSERTIONS = NO;
				ENABLE_STRICT_OBJC_MSGSEND = YES;
				ENABLE_USER_SCRIPT_SANDBOXING = YES;
				GCC_C_LANGUAGE_STANDARD = gnu17;
				GCC_NO_COMMON_BLOCKS = YES;
				IPHONEOS_DEPLOYMENT_TARGET = 17.0;
				MTL_ENABLE_DEBUG_INFO = NO;
				MTL_FAST_MATH = YES;
				SDKROOT = iphoneos;
				SWIFT_COMPILATION_MODE = wholemodule;
				VALIDATE_PRODUCT = YES;
			};
			name = Release;
		};
		D4000000000000000000A092 /* Debug */ = {
			isa = XCBuildConfiguration;
			buildSettings = {
				ASSETCATALOG_COMPILER_APPICON_NAME = AppIcon;
				ASSETCATALOG_COMPILER_GLOBAL_ACCENT_COLOR_NAME = AccentColor;
				CODE_SIGN_STYLE = Automatic;
				CURRENT_PROJECT_VERSION = 1;
				ENABLE_PREVIEWS = YES;
				GENERATE_INFOPLIST_FILE = NO;
				INFOPLIST_FILE = dashbrrd/Info.plist;
				LD_RUNPATH_SEARCH_PATHS = (
					"$(inherited)",
					"@executable_path/Frameworks",
				);
				MARKETING_VERSION = 1.0;
				PRODUCT_BUNDLE_IDENTIFIER = com.mantene.dashbrrd;
				PRODUCT_NAME = "$(TARGET_NAME)";
				SWIFT_EMIT_LOC_STRINGS = YES;
				SWIFT_VERSION = 5.9;
				TARGETED_DEVICE_FAMILY = "1,2";
			};
			name = Debug;
		};
		D4000000000000000000A093 /* Release */ = {
			isa = XCBuildConfiguration;
			buildSettings = {
				ASSETCATALOG_COMPILER_APPICON_NAME = AppIcon;
				ASSETCATALOG_COMPILER_GLOBAL_ACCENT_COLOR_NAME = AccentColor;
				CODE_SIGN_STYLE = Automatic;
				CURRENT_PROJECT_VERSION = 1;
				ENABLE_PREVIEWS = YES;
				GENERATE_INFOPLIST_FILE = NO;
				INFOPLIST_FILE = dashbrrd/Info.plist;
				LD_RUNPATH_SEARCH_PATHS = (
					"$(inherited)",
					"@executable_path/Frameworks",
				);
				MARKETING_VERSION = 1.0;
				PRODUCT_BUNDLE_IDENTIFIER = com.mantene.dashbrrd;
				PRODUCT_NAME = "$(TARGET_NAME)";
				SWIFT_EMIT_LOC_STRINGS = YES;
				SWIFT_VERSION = 5.9;
				TARGETED_DEVICE_FAMILY = "1,2";
			};
			name = Release;
		};
		D4000000000000000000A094 /* Debug */ = {
			isa = XCBuildConfiguration;
			buildSettings = {
				BUNDLE_LOADER = "$(TEST_HOST)";
				CODE_SIGN_STYLE = Automatic;
				CURRENT_PROJECT_VERSION = 1;
				GENERATE_INFOPLIST_FILE = YES;
				MARKETING_VERSION = 1.0;
				PRODUCT_BUNDLE_IDENTIFIER = com.mantene.dashbrrdTests;
				PRODUCT_NAME = "$(TARGET_NAME)";
				SWIFT_EMIT_LOC_STRINGS = NO;
				SWIFT_VERSION = 5.9;
				TARGETED_DEVICE_FAMILY = "1,2";
				TEST_HOST = "$(BUILT_PRODUCTS_DIR)/dashbrrd.app/$(BUNDLE_EXECUTABLE_FOLDER_PATH)/dashbrrd";
			};
			name = Debug;
		};
		D4000000000000000000A095 /* Release */ = {
			isa = XCBuildConfiguration;
			buildSettings = {
				BUNDLE_LOADER = "$(TEST_HOST)";
				CODE_SIGN_STYLE = Automatic;
				CURRENT_PROJECT_VERSION = 1;
				GENERATE_INFOPLIST_FILE = YES;
				MARKETING_VERSION = 1.0;
				PRODUCT_BUNDLE_IDENTIFIER = com.mantene.dashbrrdTests;
				PRODUCT_NAME = "$(TARGET_NAME)";
				SWIFT_EMIT_LOC_STRINGS = NO;
				SWIFT_VERSION = 5.9;
				TARGETED_DEVICE_FAMILY = "1,2";
				TEST_HOST = "$(BUILT_PRODUCTS_DIR)/dashbrrd.app/$(BUNDLE_EXECUTABLE_FOLDER_PATH)/dashbrrd";
			};
			name = Release;
		};
/* End XCBuildConfiguration section */

/* Begin XCConfigurationList section */
		D4000000000000000000A050 /* Build configuration list for PBXNativeTarget "dashbrrd" */ = {
			isa = XCConfigurationList;
			buildConfigurations = (
				D4000000000000000000A092 /* Debug */,
				D4000000000000000000A093 /* Release */,
			);
			defaultConfigurationIsVisible = 0;
			defaultConfigurationName = Release;
		};
		D4000000000000000000A051 /* Build configuration list for PBXNativeTarget "dashbrrdTests" */ = {
			isa = XCConfigurationList;
			buildConfigurations = (
				D4000000000000000000A094 /* Debug */,
				D4000000000000000000A095 /* Release */,
			);
			defaultConfigurationIsVisible = 0;
			defaultConfigurationName = Release;
		};
		D4000000000000000000A052 /* Build configuration list for PBXProject "dashbrrd" */ = {
			isa = XCConfigurationList;
			buildConfigurations = (
				D4000000000000000000A090 /* Debug */,
				D4000000000000000000A091 /* Release */,
			);
			defaultConfigurationIsVisible = 0;
			defaultConfigurationName = Release;
		};
/* End XCConfigurationList section */
	};
	rootObject = D4000000000000000000A000 /* Project object */;
}
